<?xml version="1.0" encoding="utf-8"?>
<Project ToolsVersion="4.0" xmlns="http://schemas.microsoft.com/developer/msbuild/2003">
  <ItemGroup>
    <Filter Include="Файлы исходного кода">
      <UniqueIdentifier>{4FC737F1-C7A5-4376-A066-2A32D752A2FF}</UniqueIdentifier>
      <Extensions>cpp;c;cc;cxx;def;odl;idl;hpj;bat;asm;asmx</Extensions>
    </Filter>
    <Filter Include="Заголовочные файлы">
      <UniqueIdentifier>{93995380-89BD-4b04-88EB-625FBE52EBFB}</UniqueIdentifier>
      <Extensions>h;hh;hpp;hxx;hm;inl;inc;xsd</Extensions>
    </Filter>
    <Filter Include="Файлы ресурсов">
      <UniqueIdentifier>{67DA6AB6-F800-4c08-8B7A-83BB121AAD01}</UniqueIdentifier>
      <Extensions>rc;ico;cur;bmp;dlg;rc2;rct;bin;rgs;gif;jpg;jpeg;jpe;resx;tiff;tif;png;wav;mfcribbon-ms</Extensions>
    </Filter>
    <Filter Include="Заголовочные файлы\Entyti">
      <UniqueIdentifier>{f87460c8-97f9-40e1-aa97-df3004bef484}</UniqueIdentifier>
    </Filter>
    <Filter Include="Заголовочные файлы\DTO">
      <UniqueIdentifier>{13c3f00f-eb93-40d1-b8e1-b66bbbce6120}</UniqueIdentifier>
    </Filter>
    <Filter Include="Файлы исходного кода\Entyti">
      <UniqueIdentifier>{25e95154-f318-4467-9fd8-9534683fe1b0}</UniqueIdentifier>
    </Filter>
    <Filter Include="Файлы исходного кода\DTO">
      <UniqueIdentifier>{fc64f6c7-663c-48a7-a9ee-1f195ba452c7}</UniqueIdentifier>
    </Filter>
    <Filter Include="Заголовочные файлы\BL">
      <UniqueIdentifier>{f9ddfc29-e2e3-4edb-8aa7-ac206ed94f45}</UniqueIdentifier>
    </Filter>
    <Filter Include="Файлы исходного кода\BL">
      <UniqueIdentifier>{2648524b-73d4-44a7-a280-b1c72fa49711}</UniqueIdentifier>
    </Filter>
  </ItemGroup>
  <ItemGroup>
    <ClCompile Include="Source.cpp">
      <Filter>Файлы исходного кода</Filter>
    </ClCompile>
    <ClCompile Include="Entity\Groups.cpp">
      <Filter>Файлы исходного кода\Entyti</Filter>
    </ClCompile>
    <ClCompile Include="Entity\Rooms.cpp">
      <Filter>Файлы исходного кода\Entyti</Filter>
    </ClCompile>
    <ClCompile Include="Entity\Subject.cpp">
      <Filter>Файлы исходного кода\Entyti</Filter>
    </ClCompile>
    <ClCompile Include="Entity\Teacher.cpp">
      <Filter>Файлы исходного кода\Entyti</Filter>
    </ClCompile>
    <ClCompile Include="BL\BL.cpp">
      <Filter>Файлы исходного кода\BL</Filter>
    </ClCompile>
    <ClCompile Include="DTO\DTO_Teacher.cpp">
      <Filter>Файлы исходного кода\DTO</Filter>
    </ClCompile>
    <ClCompile Include="DTO\DtoLogin.cpp">
      <Filter>Файлы исходного кода\DTO</Filter>
    </ClCompile>
    <ClCompile Include="DTO\DtoRoom.cpp">
      <Filter>Файлы исходного кода\DTO</Filter>
    </ClCompile>
  </ItemGroup>
  <ItemGroup>
    <ClInclude Include="Entity\Groups.h">
      <Filter>Заголовочные файлы\Entyti</Filter>
    </ClInclude>
    <ClInclude Include="Entity\Rooms.h">
      <Filter>Заголовочные файлы\Entyti</Filter>
    </ClInclude>
    <ClInclude Include="Entity\Subject.h">
      <Filter>Заголовочные файлы\Entyti</Filter>
    </ClInclude>
    <ClInclude Include="Entity\Teacher.h">
      <Filter>Заголовочные файлы\Entyti</Filter>
    </ClInclude>
    <ClInclude Include="BL\BL.h">
      <Filter>Заголовочные файлы\BL</Filter>
    </ClInclude>
    <ClInclude Include="DTO\DtoTeacher.h">
      <Filter>Заголовочные файлы\DTO</Filter>
    </ClInclude>
    <ClInclude Include="DTO\DtoLogin.h">
      <Filter>Заголовочные файлы\DTO</Filter>
    </ClInclude>
    <ClInclude Include="DTO\DtoRoom.h">
      <Filter>Заголовочные файлы\DTO</Filter>
    </ClInclude>
  </ItemGroup>
</Project>